// !$*UTF8*$!
{
	archiveVersion = 1;
	classes = {
	};
	objectVersion = 52;
	objects = {

/* Begin PBXBuildFile section */
		FA4A3BDA25F0A76300CAFE51 /* UICollectionViewControllerTest.swift in Sources */ = {isa = PBXBuildFile; fileRef = FA4A3BD925F0A76300CAFE51 /* UICollectionViewControllerTest.swift */; };
		FA4A3BDD25F0A83200CAFE51 /* MyCollectionViewCell.swift in Sources */ = {isa = PBXBuildFile; fileRef = FA4A3BDC25F0A83200CAFE51 /* MyCollectionViewCell.swift */; };
		FA4A8D9725DED570004973D2 /* Task.swift in Sources */ = {isa = PBXBuildFile; fileRef = FA4A8D9625DED570004973D2 /* Task.swift */; };
		FA4A8D9A25DED606004973D2 /* AddTaskViewController.swift in Sources */ = {isa = PBXBuildFile; fileRef = FA4A8D9925DED606004973D2 /* AddTaskViewController.swift */; };
		FA75602525E8AE8F00D89E33 /* Singleton.swift in Sources */ = {isa = PBXBuildFile; fileRef = FA75602425E8AE8F00D89E33 /* Singleton.swift */; };
		FA75602B25E8B35300D89E33 /* TaskManagerViewController.swift in Sources */ = {isa = PBXBuildFile; fileRef = FA75602A25E8B35300D89E33 /* TaskManagerViewController.swift */; };
		FA9503F0261A510100019E69 /* oldTask.swift in Sources */ = {isa = PBXBuildFile; fileRef = FA9503EF261A510100019E69 /* oldTask.swift */; };
		FA9503F3261A51C500019E69 /* oldSingleton.swift in Sources */ = {isa = PBXBuildFile; fileRef = FA9503F2261A51C500019E69 /* oldSingleton.swift */; };
		FA9CA9E425DD559900714AB1 /* AppDelegate.swift in Sources */ = {isa = PBXBuildFile; fileRef = FA9CA9E325DD559900714AB1 /* AppDelegate.swift */; };
		FA9CA9E625DD559900714AB1 /* SceneDelegate.swift in Sources */ = {isa = PBXBuildFile; fileRef = FA9CA9E525DD559900714AB1 /* SceneDelegate.swift */; };
		FA9CA9E825DD559900714AB1 /* ViewController.swift in Sources */ = {isa = PBXBuildFile; fileRef = FA9CA9E725DD559900714AB1 /* ViewController.swift */; };
		FA9CA9EB25DD559900714AB1 /* Main.storyboard in Resources */ = {isa = PBXBuildFile; fileRef = FA9CA9E925DD559900714AB1 /* Main.storyboard */; };
		FA9CA9ED25DD559E00714AB1 /* Assets.xcassets in Resources */ = {isa = PBXBuildFile; fileRef = FA9CA9EC25DD559E00714AB1 /* Assets.xcassets */; };
		FA9CA9F025DD559E00714AB1 /* LaunchScreen.storyboard in Resources */ = {isa = PBXBuildFile; fileRef = FA9CA9EE25DD559E00714AB1 /* LaunchScreen.storyboard */; };
		FA9CA9FD25DD6B8900714AB1 /* testImage.jpeg in Resources */ = {isa = PBXBuildFile; fileRef = FA9CA9FC25DD6B8900714AB1 /* testImage.jpeg */; };
		FAB84D662635058900761CB2 /* Alamofire in Frameworks */ = {isa = PBXBuildFile; productRef = FAB84D652635058900761CB2 /* Alamofire */; };
		FAEA531E261A926F0002D858 /* TaskDataModel.xcdatamodeld in Sources */ = {isa = PBXBuildFile; fileRef = FAEA531C261A926F0002D858 /* TaskDataModel.xcdatamodeld */; };
/* End PBXBuildFile section */

/* Begin PBXFileReference section */
		FA4A3BD925F0A76300CAFE51 /* UICollectionViewControllerTest.swift */ = {isa = PBXFileReference; lastKnownFileType = sourcecode.swift; path = UICollectionViewControllerTest.swift; sourceTree = "<group>"; };
		FA4A3BDC25F0A83200CAFE51 /* MyCollectionViewCell.swift */ = {isa = PBXFileReference; lastKnownFileType = sourcecode.swift; path = MyCollectionViewCell.swift; sourceTree = "<group>"; };
		FA4A8D9625DED570004973D2 /* Task.swift */ = {isa = PBXFileReference; lastKnownFileType = sourcecode.swift; path = Task.swift; sourceTree = "<group>"; };
		FA4A8D9925DED606004973D2 /* AddTaskViewController.swift */ = {isa = PBXFileReference; lastKnownFileType = sourcecode.swift; path = AddTaskViewController.swift; sourceTree = "<group>"; };
		FA75602425E8AE8F00D89E33 /* Singleton.swift */ = {isa = PBXFileReference; lastKnownFileType = sourcecode.swift; path = Singleton.swift; sourceTree = "<group>"; };
		FA75602A25E8B35300D89E33 /* TaskManagerViewController.swift */ = {isa = PBXFileReference; lastKnownFileType = sourcecode.swift; path = TaskManagerViewController.swift; sourceTree = "<group>"; };
		FA9503EF261A510100019E69 /* oldTask.swift */ = {isa = PBXFileReference; lastKnownFileType = sourcecode.swift; path = oldTask.swift; sourceTree = "<group>"; };
		FA9503F2261A51C500019E69 /* oldSingleton.swift */ = {isa = PBXFileReference; lastKnownFileType = sourcecode.swift; path = oldSingleton.swift; sourceTree = "<group>"; };
		FA9CA9E025DD559900714AB1 /* Gamification App.app */ = {isa = PBXFileReference; explicitFileType = wrapper.application; includeInIndex = 0; path = "Gamification App.app"; sourceTree = BUILT_PRODUCTS_DIR; };
		FA9CA9E325DD559900714AB1 /* AppDelegate.swift */ = {isa = PBXFileReference; lastKnownFileType = sourcecode.swift; path = AppDelegate.swift; sourceTree = "<group>"; };
		FA9CA9E525DD559900714AB1 /* SceneDelegate.swift */ = {isa = PBXFileReference; lastKnownFileType = sourcecode.swift; path = SceneDelegate.swift; sourceTree = "<group>"; };
		FA9CA9E725DD559900714AB1 /* ViewController.swift */ = {isa = PBXFileReference; lastKnownFileType = sourcecode.swift; path = ViewController.swift; sourceTree = "<group>"; };
		FA9CA9EA25DD559900714AB1 /* Base */ = {isa = PBXFileReference; lastKnownFileType = file.storyboard; name = Base; path = Base.lproj/Main.storyboard; sourceTree = "<group>"; };
		FA9CA9EC25DD559E00714AB1 /* Assets.xcassets */ = {isa = PBXFileReference; lastKnownFileType = folder.assetcatalog; path = Assets.xcassets; sourceTree = "<group>"; };
		FA9CA9EF25DD559E00714AB1 /* Base */ = {isa = PBXFileReference; lastKnownFileType = file.storyboard; name = Base; path = Base.lproj/LaunchScreen.storyboard; sourceTree = "<group>"; };
		FA9CA9F125DD559E00714AB1 /* Info.plist */ = {isa = PBXFileReference; lastKnownFileType = text.plist.xml; path = Info.plist; sourceTree = "<group>"; };
		FA9CA9FC25DD6B8900714AB1 /* testImage.jpeg */ = {isa = PBXFileReference; lastKnownFileType = image.jpeg; name = testImage.jpeg; path = ../../../../testImage.jpeg; sourceTree = "<group>"; };
		FAEA531D261A926F0002D858 /* TaskDataModel.xcdatamodel */ = {isa = PBXFileReference; lastKnownFileType = wrapper.xcdatamodel; path = TaskDataModel.xcdatamodel; sourceTree = "<group>"; };
/* End PBXFileReference section */

/* Begin PBXFrameworksBuildPhase section */
		FA9CA9DD25DD559900714AB1 /* Frameworks */ = {
			isa = PBXFrameworksBuildPhase;
			buildActionMask = 2147483647;
			files = (
				FAB84D662635058900761CB2 /* Alamofire in Frameworks */,
			);
			runOnlyForDeploymentPostprocessing = 0;
		};
/* End PBXFrameworksBuildPhase section */

/* Begin PBXGroup section */
		FA9CA9D725DD559900714AB1 = {
			isa = PBXGroup;
			children = (
				FA9CA9E225DD559900714AB1 /* Gamification App */,
				FA9CA9E125DD559900714AB1 /* Products */,
			);
			sourceTree = "<group>";
		};
		FA9CA9E125DD559900714AB1 /* Products */ = {
			isa = PBXGroup;
			children = (
				FA9CA9E025DD559900714AB1 /* Gamification App.app */,
			);
			name = Products;
			sourceTree = "<group>";
		};
		FA9CA9E225DD559900714AB1 /* Gamification App */ = {
			isa = PBXGroup;
			children = (
				FA9CA9E325DD559900714AB1 /* AppDelegate.swift */,
				FA9CA9E525DD559900714AB1 /* SceneDelegate.swift */,
				FA9CA9E725DD559900714AB1 /* ViewController.swift */,
				FA75602425E8AE8F00D89E33 /* Singleton.swift */,
				FA9503F2261A51C500019E69 /* oldSingleton.swift */,
				FA4A8D9625DED570004973D2 /* Task.swift */,
				FA9503EF261A510100019E69 /* oldTask.swift */,
				FAEA531C261A926F0002D858 /* TaskDataModel.xcdatamodeld */,
				FA4A8D9925DED606004973D2 /* AddTaskViewController.swift */,
				FA75602A25E8B35300D89E33 /* TaskManagerViewController.swift */,
				FA4A3BD925F0A76300CAFE51 /* UICollectionViewControllerTest.swift */,
				FA9CA9E925DD559900714AB1 /* Main.storyboard */,
				FA4A3BDC25F0A83200CAFE51 /* MyCollectionViewCell.swift */,
				FA9CA9EC25DD559E00714AB1 /* Assets.xcassets */,
				FA9CA9EE25DD559E00714AB1 /* LaunchScreen.storyboard */,
				FA9CA9FC25DD6B8900714AB1 /* testImage.jpeg */,
				FA9CA9F125DD559E00714AB1 /* Info.plist */,
			);
			path = "Gamification App";
			sourceTree = "<group>";
		};
/* End PBXGroup section */

/* Begin PBXNativeTarget section */
		FA9CA9DF25DD559900714AB1 /* Gamification App */ = {
			isa = PBXNativeTarget;
			buildConfigurationList = FA9CA9F425DD559E00714AB1 /* Build configuration list for PBXNativeTarget "Gamification App" */;
			buildPhases = (
				FA9CA9DC25DD559900714AB1 /* Sources */,
				FA9CA9DD25DD559900714AB1 /* Frameworks */,
				FA9CA9DE25DD559900714AB1 /* Resources */,
			);
			buildRules = (
			);
			dependencies = (
			);
			name = "Gamification App";
			packageProductDependencies = (
				FAB84D652635058900761CB2 /* Alamofire */,
			);
			productName = "Gamification App";
			productReference = FA9CA9E025DD559900714AB1 /* Gamification App.app */;
			productType = "com.apple.product-type.application";
		};
/* End PBXNativeTarget section */

/* Begin PBXProject section */
		FA9CA9D825DD559900714AB1 /* Project object */ = {
			isa = PBXProject;
			attributes = {
				LastSwiftUpdateCheck = 1240;
				LastUpgradeCheck = 1240;
				TargetAttributes = {
					FA9CA9DF25DD559900714AB1 = {
						CreatedOnToolsVersion = 12.4;
					};
				};
			};
			buildConfigurationList = FA9CA9DB25DD559900714AB1 /* Build configuration list for PBXProject "Gamification App" */;
			compatibilityVersion = "Xcode 9.3";
			developmentRegion = en;
			hasScannedForEncodings = 0;
			knownRegions = (
				en,
				Base,
			);
			mainGroup = FA9CA9D725DD559900714AB1;
			packageReferences = (
				FAB84D642635058900761CB2 /* XCRemoteSwiftPackageReference "Alamofire" */,
			);
			productRefGroup = FA9CA9E125DD559900714AB1 /* Products */;
			projectDirPath = "";
			projectRoot = "";
			targets = (
				FA9CA9DF25DD559900714AB1 /* Gamification App */,
			);
		};
/* End PBXProject section */

/* Begin PBXResourcesBuildPhase section */
		FA9CA9DE25DD559900714AB1 /* Resources */ = {
			isa = PBXResourcesBuildPhase;
			buildActionMask = 2147483647;
			files = (
				FA9CA9F025DD559E00714AB1 /* LaunchScreen.storyboard in Resources */,
				FA9CA9ED25DD559E00714AB1 /* Assets.xcassets in Resources */,
				FA9CA9FD25DD6B8900714AB1 /* testImage.jpeg in Resources */,
				FA9CA9EB25DD559900714AB1 /* Main.storyboard in Resources */,
			);
			runOnlyForDeploymentPostprocessing = 0;
		};
/* End PBXResourcesBuildPhase section */

/* Begin PBXSourcesBuildPhase section */
		FA9CA9DC25DD559900714AB1 /* Sources */ = {
			isa = PBXSourcesBuildPhase;
			buildActionMask = 2147483647;
			files = (
				FAEA531E261A926F0002D858 /* TaskDataModel.xcdatamodeld in Sources */,
				FA4A3BDD25F0A83200CAFE51 /* MyCollectionViewCell.swift in Sources */,
				FA4A8D9725DED570004973D2 /* Task.swift in Sources */,
				FA75602525E8AE8F00D89E33 /* Singleton.swift in Sources */,
				FA9CA9E825DD559900714AB1 /* ViewController.swift in Sources */,
				FA9CA9E425DD559900714AB1 /* AppDelegate.swift in Sources */,
				FA9CA9E625DD559900714AB1 /* SceneDelegate.swift in Sources */,
				FA9503F0261A510100019E69 /* oldTask.swift in Sources */,
				FA4A8D9A25DED606004973D2 /* AddTaskViewController.swift in Sources */,
				FA4A3BDA25F0A76300CAFE51 /* UICollectionViewControllerTest.swift in Sources */,
				FA75602B25E8B35300D89E33 /* TaskManagerViewController.swift in Sources */,
				FA9503F3261A51C500019E69 /* oldSingleton.swift in Sources */,
			);
			runOnlyForDeploymentPostprocessing = 0;
		};
/* End PBXSourcesBuildPhase section */

/* Begin PBXVariantGroup section */
		FA9CA9E925DD559900714AB1 /* Main.storyboard */ = {
			isa = PBXVariantGroup;
			children = (
				FA9CA9EA25DD559900714AB1 /* Base */,
			);
			name = Main.storyboard;
			sourceTree = "<group>";
		};
		FA9CA9EE25DD559E00714AB1 /* LaunchScreen.storyboard */ = {
			isa = PBXVariantGroup;
			children = (
				FA9CA9EF25DD559E00714AB1 /* Base */,
			);
			name = LaunchScreen.storyboard;
			sourceTree = "<group>";
		};
/* End PBXVariantGroup section */

/* Begin XCBuildConfiguration section */
		FA9CA9F225DD559E00714AB1 /* Debug */ = {
			isa = XCBuildConfiguration;
			buildSettings = {
				ALWAYS_SEARCH_USER_PATHS = NO;
				CLANG_ANALYZER_NONNULL = YES;
				CLANG_ANALYZER_NUMBER_OBJECT_CONVERSION = YES_AGGRESSIVE;
				CLANG_CXX_LANGUAGE_STANDARD = "gnu++14";
				CLANG_CXX_LIBRARY = "libc++";
				CLANG_ENABLE_MODULES = YES;
				CLANG_ENABLE_OBJC_ARC = YES;
				CLANG_ENABLE_OBJC_WEAK = YES;
				CLANG_WARN_BLOCK_CAPTURE_AUTORELEASING = YES;
				CLANG_WARN_BOOL_CONVERSION = YES;
				CLANG_WARN_COMMA = YES;
				CLANG_WARN_CONSTANT_CONVERSION = YES;
				CLANG_WARN_DEPRECATED_OBJC_IMPLEMENTATIONS = YES;
				CLANG_WARN_DIRECT_OBJC_ISA_USAGE = YES_ERROR;
				CLANG_WARN_DOCUMENTATION_COMMENTS = YES;
				CLANG_WARN_EMPTY_BODY = YES;
				CLANG_WARN_ENUM_CONVERSION = YES;
				CLANG_WARN_INFINITE_RECURSION = YES;
				CLANG_WARN_INT_CONVERSION = YES;
				CLANG_WARN_NON_LITERAL_NULL_CONVERSION = YES;
				CLANG_WARN_OBJC_IMPLICIT_RETAIN_SELF = YES;
				CLANG_WARN_OBJC_LITERAL_CONVERSION = YES;
				CLANG_WARN_OBJC_ROOT_CLASS = YES_ERROR;
				CLANG_WARN_QUOTED_INCLUDE_IN_FRAMEWORK_HEADER = YES;
				CLANG_WARN_RANGE_LOOP_ANALYSIS = YES;
				CLANG_WARN_STRICT_PROTOTYPES = YES;
				CLANG_WARN_SUSPICIOUS_MOVE = YES;
				CLANG_WARN_UNGUARDED_AVAILABILITY = YES_AGGRESSIVE;
				CLANG_WARN_UNREACHABLE_CODE = YES;
				CLANG_WARN__DUPLICATE_METHOD_MATCH = YES;
				COPY_PHASE_STRIP = NO;
				DEBUG_INFORMATION_FORMAT = dwarf;
				ENABLE_STRICT_OBJC_MSGSEND = YES;
				ENABLE_TESTABILITY = YES;
				GCC_C_LANGUAGE_STANDARD = gnu11;
				GCC_DYNAMIC_NO_PIC = NO;
				GCC_NO_COMMON_BLOCKS = YES;
				GCC_OPTIMIZATION_LEVEL = 0;
				GCC_PREPROCESSOR_DEFINITIONS = (
					"DEBUG=1",
					"$(inherited)",
				);
				GCC_WARN_64_TO_32_BIT_CONVERSION = YES;
				GCC_WARN_ABOUT_RETURN_TYPE = YES_ERROR;
				GCC_WARN_UNDECLARED_SELECTOR = YES;
				GCC_WARN_UNINITIALIZED_AUTOS = YES_AGGRESSIVE;
				GCC_WARN_UNUSED_FUNCTION = YES;
				GCC_WARN_UNUSED_VARIABLE = YES;
				IPHONEOS_DEPLOYMENT_TARGET = 14.4;
				MTL_ENABLE_DEBUG_INFO = INCLUDE_SOURCE;
				MTL_FAST_MATH = YES;
				ONLY_ACTIVE_ARCH = YES;
				SDKROOT = iphoneos;
				SWIFT_ACTIVE_COMPILATION_CONDITIONS = DEBUG;
				SWIFT_OPTIMIZATION_LEVEL = "-Onone";
			};
			name = Debug;
		};
		FA9CA9F325DD559E00714AB1 /* Release */ = {
			isa = XCBuildConfiguration;
			buildSettings = {
				ALWAYS_SEARCH_USER_PATHS = NO;
				CLANG_ANALYZER_NONNULL = YES;
				CLANG_ANALYZER_NUMBER_OBJECT_CONVERSION = YES_AGGRESSIVE;
				CLANG_CXX_LANGUAGE_STANDARD = "gnu++14";
				CLANG_CXX_LIBRARY = "libc++";
				CLANG_ENABLE_MODULES = YES;
				CLANG_ENABLE_OBJC_ARC = YES;
				CLANG_ENABLE_OBJC_WEAK = YES;
				CLANG_WARN_BLOCK_CAPTURE_AUTORELEASING = YES;
				CLANG_WARN_BOOL_CONVERSION = YES;
				CLANG_WARN_COMMA = YES;
				CLANG_WARN_CONSTANT_CONVERSION = YES;
				CLANG_WARN_DEPRECATED_OBJC_IMPLEMENTATIONS = YES;
				CLANG_WARN_DIRECT_OBJC_ISA_USAGE = YES_ERROR;
				CLANG_WARN_DOCUMENTATION_COMMENTS = YES;
				CLANG_WARN_EMPTY_BODY = YES;
				CLANG_WARN_ENUM_CONVERSION = YES;
				CLANG_WARN_INFINITE_RECURSION = YES;
				CLANG_WARN_INT_CONVERSION = YES;
				CLANG_WARN_NON_LITERAL_NULL_CONVERSION = YES;
				CLANG_WARN_OBJC_IMPLICIT_RETAIN_SELF = YES;
				CLANG_WARN_OBJC_LITERAL_CONVERSION = YES;
				CLANG_WARN_OBJC_ROOT_CLASS = YES_ERROR;
				CLANG_WARN_QUOTED_INCLUDE_IN_FRAMEWORK_HEADER = YES;
				CLANG_WARN_RANGE_LOOP_ANALYSIS = YES;
				CLANG_WARN_STRICT_PROTOTYPES = YES;
				CLANG_WARN_SUSPICIOUS_MOVE = YES;
				CLANG_WARN_UNGUARDED_AVAILABILITY = YES_AGGRESSIVE;
				CLANG_WARN_UNREACHABLE_CODE = YES;
				CLANG_WARN__DUPLICATE_METHOD_MATCH = YES;
				COPY_PHASE_STRIP = NO;
				DEBUG_INFORMATION_FORMAT = "dwarf-with-dsym";
				ENABLE_NS_ASSERTIONS = NO;
				ENABLE_STRICT_OBJC_MSGSEND = YES;
				GCC_C_LANGUAGE_STANDARD = gnu11;
				GCC_NO_COMMON_BLOCKS = YES;
				GCC_WARN_64_TO_32_BIT_CONVERSION = YES;
				GCC_WARN_ABOUT_RETURN_TYPE = YES_ERROR;
				GCC_WARN_UNDECLARED_SELECTOR = YES;
				GCC_WARN_UNINITIALIZED_AUTOS = YES_AGGRESSIVE;
				GCC_WARN_UNUSED_FUNCTION = YES;
				GCC_WARN_UNUSED_VARIABLE = YES;
				IPHONEOS_DEPLOYMENT_TARGET = 14.4;
				MTL_ENABLE_DEBUG_INFO = NO;
				MTL_FAST_MATH = YES;
				SDKROOT = iphoneos;
				SWIFT_COMPILATION_MODE = wholemodule;
				SWIFT_OPTIMIZATION_LEVEL = "-O";
				VALIDATE_PRODUCT = YES;
			};
			name = Release;
		};
		FA9CA9F525DD559E00714AB1 /* Debug */ = {
			isa = XCBuildConfiguration;
			buildSettings = {
				ASSETCATALOG_COMPILER_APPICON_NAME = AppIcon;
				ASSETCATALOG_COMPILER_GLOBAL_ACCENT_COLOR_NAME = AccentColor;
				CODE_SIGN_STYLE = Automatic;
				DEVELOPMENT_TEAM = 2SPZ6KNS4A;
				INFOPLIST_FILE = "Gamification App/Info.plist";
				IPHONEOS_DEPLOYMENT_TARGET = 14.1;
				LD_RUNPATH_SEARCH_PATHS = (
					"$(inherited)",
					"@executable_path/Frameworks",
				);
				PRODUCT_BUNDLE_IDENTIFIER = "com.cgps.Gamification-App";
				PRODUCT_NAME = "$(TARGET_NAME)";
				SWIFT_VERSION = 5.0;
				TARGETED_DEVICE_FAMILY = "1,2";
			};
			name = Debug;
		};
		FA9CA9F625DD559E00714AB1 /* Release */ = {
			isa = XCBuildConfiguration;
			buildSettings = {
				ASSETCATALOG_COMPILER_APPICON_NAME = AppIcon;
				ASSETCATALOG_COMPILER_GLOBAL_ACCENT_COLOR_NAME = AccentColor;
				CODE_SIGN_STYLE = Automatic;
				DEVELOPMENT_TEAM = 2SPZ6KNS4A;
				INFOPLIST_FILE = "Gamification App/Info.plist";
				IPHONEOS_DEPLOYMENT_TARGET = 14.1;
				LD_RUNPATH_SEARCH_PATHS = (
					"$(inherited)",
					"@executable_path/Frameworks",
				);
				PRODUCT_BUNDLE_IDENTIFIER = "com.cgps.Gamification-App";
				PRODUCT_NAME = "$(TARGET_NAME)";
				SWIFT_VERSION = 5.0;
				TARGETED_DEVICE_FAMILY = "1,2";
			};
			name = Release;
		};
/* End XCBuildConfiguration section */

/* Begin XCConfigurationList section */
		FA9CA9DB25DD559900714AB1 /* Build configuration list for PBXProject "Gamification App" */ = {
			isa = XCConfigurationList;
			buildConfigurations = (
				FA9CA9F225DD559E00714AB1 /* Debug */,
				FA9CA9F325DD559E00714AB1 /* Release */,
			);
			defaultConfigurationIsVisible = 0;
			defaultConfigurationName = Release;
		};
		FA9CA9F425DD559E00714AB1 /* Build configuration list for PBXNativeTarget "Gamification App" */ = {
			isa = XCConfigurationList;
			buildConfigurations = (
				FA9CA9F525DD559E00714AB1 /* Debug */,
				FA9CA9F625DD559E00714AB1 /* Release */,
			);
			defaultConfigurationIsVisible = 0;
			defaultConfigurationName = Release;
		};
/* End XCConfigurationList section */

/* Begin XCRemoteSwiftPackageReference section */
		FAB84D642635058900761CB2 /* XCRemoteSwiftPackageReference "Alamofire" */ = {
			isa = XCRemoteSwiftPackageReference;
			repositoryURL = "https://github.com/Alamofire/Alamofire";
			requirement = {
				kind = upToNextMajorVersion;
				minimumVersion = 5.4.3;
			};
		};
/* End XCRemoteSwiftPackageReference section */

/* Begin XCSwiftPackageProductDependency section */
		FAB84D652635058900761CB2 /* Alamofire */ = {
			isa = XCSwiftPackageProductDependency;
			package = FAB84D642635058900761CB2 /* XCRemoteSwiftPackageReference "Alamofire" */;
			productName = Alamofire;
		};
/* End XCSwiftPackageProductDependency section */

/* Begin XCVersionGroup section */
		FAEA531C261A926F0002D858 /* TaskDataModel.xcdatamodeld */ = {
			isa = XCVersionGroup;
			children = (
				FAEA531D261A926F0002D858 /* TaskDataModel.xcdatamodel */,
			);
			currentVersion = FAEA531D261A926F0002D858 /* TaskDataModel.xcdatamodel */;
			path = TaskDataModel.xcdatamodeld;
			sourceTree = "<group>";
			versionGroupType = wrapper.xcdatamodel;
		};
/* End XCVersionGroup section */
	};
	rootObject = FA9CA9D825DD559900714AB1 /* Project object */;
}
